<Solution>
  <Folder Name="/src/">
    <Project Path="src/Stampd.Core/Stampd.Core.csproj" />
    <Project Path="src/Stampd.Engine/Stampd.Engine.csproj" />
    <Project Path="src/Stampd.Infrastructure/Stampd.Infrastructure.csproj" />
    <Project Path="src/Stampd.Infrastructure.SqlServer/Stampd.Infrastructure.SqlServer.csproj" />
    <Project Path="src/Stampd.Infrastructure.Postgres/Stampd.Infrastructure.Postgres.csproj" />
    <Project Path="src/Stampd.Infrastructure.Sqlite/Stampd.Infrastructure.Sqlite.csproj" />
    <Project Path="src/Stampd.Infrastructure.MySql/Stampd.Infrastructure.MySql.csproj" />
    <Project Path="src/Stampd.Crypto.LocalCertificate/Stampd.Crypto.LocalCertificate.csproj" />
    <Project Path="src/Stampd.Crypto.AzureKeyVault/Stampd.Crypto.AzureKeyVault.csproj" />
    <Project Path="src/Stampd.Crypto.AwsKms/Stampd.Crypto.AwsKms.csproj" />
    <Project Path="src/Stampd.Crypto.Vault/Stampd.Crypto.Vault.csproj" />
    <Project Path="src/Stampd.Timestamp.Rfc3161/Stampd.Timestamp.Rfc3161.csproj" />
    <Project Path="src/Stampd.Timestamp.FreeTsa/Stampd.Timestamp.FreeTsa.csproj" />
    <Project Path="src/Stampd.Storage.FileSystem/Stampd.Storage.FileSystem.csproj" />
    <Project Path="src/Stampd.Storage.S3/Stampd.Storage.S3.csproj" />
    <Project Path="src/Stampd.Storage.AzureBlob/Stampd.Storage.AzureBlob.csproj" />
    <Project Path="src/Stampd.Storage.Gcs/Stampd.Storage.Gcs.csproj" />
    <Project Path="src/Stampd.Revocation.Http/Stampd.Revocation.Http.csproj" />
    <Project Path="src/Stampd.Email.Smtp/Stampd.Email.Smtp.csproj" />
    <Project Path="src/Stampd.Identity.EmailOtp/Stampd.Identity.EmailOtp.csproj" />
    <Project Path="src/Stampd.Identity.Oidc/Stampd.Identity.Oidc.csproj" />
    <Project Path="src/Stampd.Identity.Saml2/Stampd.Identity.Saml2.csproj" />
    <Project Path="src/Stampd.Compliance/Stampd.Compliance.csproj" />
    <Project Path="src/Stampd.Identity.SmsOtp/Stampd.Identity.SmsOtp.csproj" />
    <Project Path="src/Stampd.Identity.Kba/Stampd.Identity.Kba.csproj" />
    <Project Path="src/Stampd.WebApi/Stampd.WebApi.csproj" />
    <Project Path="src/Stampd.UI/Stampd.UI.csproj" />
  </Folder>
  <Folder Name="/samples/">
    <Project Path="samples/Stampd.Engine.Smoke/Stampd.Engine.Smoke.csproj" />
    <Project Path="samples/Stampd.CertCheck/Stampd.CertCheck.csproj" />
    <Project Path="samples/Stampd.ByoCertDemo/Stampd.ByoCertDemo.csproj" />
    <Project Path="samples/Stampd.ByoCertDemo.WebApi/Stampd.ByoCertDemo.WebApi.csproj" />
  </Folder>
  <Folder Name="/tools/">
    <Project Path="tools/Stampd.Tools.VaultByokImport/Stampd.Tools.VaultByokImport.csproj" />
  </Folder>
  <Folder Name="/tests/">
    <Project Path="tests/Stampd.Engine.Tests/Stampd.Engine.Tests.csproj" />
    <Project Path="tests/Stampd.WebApi.Tests/Stampd.WebApi.Tests.csproj" />
  </Folder>
</Solution>
